// !$*UTF8*$!
{
	archiveVersion = 1;
	classes = {
	};
	objectVersion = 46;
	objects = {

/* Begin PBXBuildFile section */
		725A4E682B8B4B07B0CFC641 /* libPods-MeteorChat.a in Frameworks */ = {isa = PBXBuildFile; fileRef = 3B25B9B873A443249CE46399 /* libPods-MeteorChat.a */; };
		D867AE5E1974539200A0A76C /* main.m in Sources */ = {isa = PBXBuildFile; fileRef = D867AE5D1974539200A0A76C /* main.m */; };
		D867AE611974539200A0A76C /* AppDelegate.m in Sources */ = {isa = PBXBuildFile; fileRef = D867AE601974539200A0A76C /* AppDelegate.m */; };
		D867AE631974539200A0A76C /* Images.xcassets in Resources */ = {isa = PBXBuildFile; fileRef = D867AE621974539200A0A76C /* Images.xcassets */; };
		D867AE6F1974539200A0A76C /* MeteorChatTests.m in Sources */ = {isa = PBXBuildFile; fileRef = D867AE6E1974539200A0A76C /* MeteorChatTests.m */; };
		D867AE79197455A200A0A76C /* Main.storyboard in Resources */ = {isa = PBXBuildFile; fileRef = D867AE78197455A200A0A76C /* Main.storyboard */; };
		D867AE7D197456F400A0A76C /* LoginViewController.m in Sources */ = {isa = PBXBuildFile; fileRef = D867AE7C197456F400A0A76C /* LoginViewController.m */; };
		D867AE8119745AFE00A0A76C /* CometChatSessionManager.m in Sources */ = {isa = PBXBuildFile; fileRef = D867AE8019745AFE00A0A76C /* CometChatSessionManager.m */; };
		D87AED9D19746DD8004E6987 /* ChatListingTableViewController.m in Sources */ = {isa = PBXBuildFile; fileRef = D87AED9C19746DD8004E6987 /* ChatListingTableViewController.m */; };
		D87AEDA019747678004E6987 /* CometChatViewController.m in Sources */ = {isa = PBXBuildFile; fileRef = D87AED9F19747678004E6987 /* CometChatViewController.m */; };
		D87AEDA41974772E004E6987 /* CometChatMessage.m in Sources */ = {isa = PBXBuildFile; fileRef = D87AEDA31974772E004E6987 /* CometChatMessage.m */; };
/* End PBXBuildFile section */

/* Begin PBXContainerItemProxy section */
		D867AE691974539200A0A76C /* PBXContainerItemProxy */ = {
			isa = PBXContainerItemProxy;
			containerPortal = D867AE501974539200A0A76C /* Project object */;
			proxyType = 1;
			remoteGlobalIDString = D867AE571974539200A0A76C;
			remoteInfo = MeteorChat;
		};
/* End PBXContainerItemProxy section */

/* Begin PBXFileReference section */
		3AF80753934C40338B463E9D /* Pods-MeteorChat.xcconfig */ = {isa = PBXFileReference; includeInIndex = 1; lastKnownFileType = text.xcconfig; name = "Pods-MeteorChat.xcconfig"; path = "Pods/Pods-MeteorChat.xcconfig"; sourceTree = "<group>"; };
		3B25B9B873A443249CE46399 /* libPods-MeteorChat.a */ = {isa = PBXFileReference; explicitFileType = archive.ar; includeInIndex = 0; path = "libPods-MeteorChat.a"; sourceTree = BUILT_PRODUCTS_DIR; };
		D867AE581974539200A0A76C /* MeteorChat.app */ = {isa = PBXFileReference; explicitFileType = wrapper.application; includeInIndex = 0; path = MeteorChat.app; sourceTree = BUILT_PRODUCTS_DIR; };
		D867AE5C1974539200A0A76C /* Info.plist */ = {isa = PBXFileReference; lastKnownFileType = text.plist.xml; path = Info.plist; sourceTree = "<group>"; };
		D867AE5D1974539200A0A76C /* main.m */ = {isa = PBXFileReference; lastKnownFileType = sourcecode.c.objc; path = main.m; sourceTree = "<group>"; };
		D867AE5F1974539200A0A76C /* AppDelegate.h */ = {isa = PBXFileReference; lastKnownFileType = sourcecode.c.h; path = AppDelegate.h; sourceTree = "<group>"; };
		D867AE601974539200A0A76C /* AppDelegate.m */ = {isa = PBXFileReference; lastKnownFileType = sourcecode.c.objc; path = AppDelegate.m; sourceTree = "<group>"; };
		D867AE621974539200A0A76C /* Images.xcassets */ = {isa = PBXFileReference; lastKnownFileType = folder.assetcatalog; path = Images.xcassets; sourceTree = "<group>"; };
		D867AE681974539200A0A76C /* MeteorChatTests.xctest */ = {isa = PBXFileReference; explicitFileType = wrapper.cfbundle; includeInIndex = 0; path = MeteorChatTests.xctest; sourceTree = BUILT_PRODUCTS_DIR; };
		D867AE6D1974539200A0A76C /* Info.plist */ = {isa = PBXFileReference; lastKnownFileType = text.plist.xml; path = Info.plist; sourceTree = "<group>"; };
		D867AE6E1974539200A0A76C /* MeteorChatTests.m */ = {isa = PBXFileReference; lastKnownFileType = sourcecode.c.objc; path = MeteorChatTests.m; sourceTree = "<group>"; };
		D867AE78197455A200A0A76C /* Main.storyboard */ = {isa = PBXFileReference; fileEncoding = 4; lastKnownFileType = file.storyboard; path = Main.storyboard; sourceTree = "<group>"; };
		D867AE7B197456F400A0A76C /* LoginViewController.h */ = {isa = PBXFileReference; fileEncoding = 4; lastKnownFileType = sourcecode.c.h; path = LoginViewController.h; sourceTree = "<group>"; };
		D867AE7C197456F400A0A76C /* LoginViewController.m */ = {isa = PBXFileReference; fileEncoding = 4; lastKnownFileType = sourcecode.c.objc; path = LoginViewController.m; sourceTree = "<group>"; };
		D867AE7F19745AFE00A0A76C /* CometChatSessionManager.h */ = {isa = PBXFileReference; fileEncoding = 4; lastKnownFileType = sourcecode.c.h; path = CometChatSessionManager.h; sourceTree = "<group>"; };
		D867AE8019745AFE00A0A76C /* CometChatSessionManager.m */ = {isa = PBXFileReference; fileEncoding = 4; lastKnownFileType = sourcecode.c.objc; path = CometChatSessionManager.m; sourceTree = "<group>"; };
		D87AED9B19746DD8004E6987 /* ChatListingTableViewController.h */ = {isa = PBXFileReference; fileEncoding = 4; lastKnownFileType = sourcecode.c.h; path = ChatListingTableViewController.h; sourceTree = "<group>"; };
		D87AED9C19746DD8004E6987 /* ChatListingTableViewController.m */ = {isa = PBXFileReference; fileEncoding = 4; lastKnownFileType = sourcecode.c.objc; path = ChatListingTableViewController.m; sourceTree = "<group>"; };
		D87AED9E19747678004E6987 /* CometChatViewController.h */ = {isa = PBXFileReference; fileEncoding = 4; lastKnownFileType = sourcecode.c.h; path = CometChatViewController.h; sourceTree = "<group>"; };
		D87AED9F19747678004E6987 /* CometChatViewController.m */ = {isa = PBXFileReference; fileEncoding = 4; lastKnownFileType = sourcecode.c.objc; path = CometChatViewController.m; sourceTree = "<group>"; };
		D87AEDA21974772E004E6987 /* CometChatMessage.h */ = {isa = PBXFileReference; fileEncoding = 4; lastKnownFileType = sourcecode.c.h; path = CometChatMessage.h; sourceTree = "<group>"; };
		D87AEDA31974772E004E6987 /* CometChatMessage.m */ = {isa = PBXFileReference; fileEncoding = 4; lastKnownFileType = sourcecode.c.objc; path = CometChatMessage.m; sourceTree = "<group>"; };
/* End PBXFileReference section */

/* Begin PBXFrameworksBuildPhase section */
		D867AE551974539200A0A76C /* Frameworks */ = {
			isa = PBXFrameworksBuildPhase;
			buildActionMask = 2147483647;
			files = (
				725A4E682B8B4B07B0CFC641 /* libPods-MeteorChat.a in Frameworks */,
			);
			runOnlyForDeploymentPostprocessing = 0;
		};
		D867AE651974539200A0A76C /* Frameworks */ = {
			isa = PBXFrameworksBuildPhase;
			buildActionMask = 2147483647;
			files = (
			);
			runOnlyForDeploymentPostprocessing = 0;
		};
/* End PBXFrameworksBuildPhase section */

/* Begin PBXGroup section */
		467094D8FC80425F8AC5CCA9 /* Frameworks */ = {
			isa = PBXGroup;
			children = (
				3B25B9B873A443249CE46399 /* libPods-MeteorChat.a */,
			);
			name = Frameworks;
			sourceTree = "<group>";
		};
		D867AE4F1974539200A0A76C = {
			isa = PBXGroup;
			children = (
				D867AE5A1974539200A0A76C /* MeteorChat */,
				D867AE6B1974539200A0A76C /* MeteorChatTests */,
				D867AE591974539200A0A76C /* Products */,
				3AF80753934C40338B463E9D /* Pods-MeteorChat.xcconfig */,
				467094D8FC80425F8AC5CCA9 /* Frameworks */,
			);
			sourceTree = "<group>";
		};
		D867AE591974539200A0A76C /* Products */ = {
			isa = PBXGroup;
			children = (
				D867AE581974539200A0A76C /* MeteorChat.app */,
				D867AE681974539200A0A76C /* MeteorChatTests.xctest */,
			);
			name = Products;
			sourceTree = "<group>";
		};
		D867AE5A1974539200A0A76C /* MeteorChat */ = {
			isa = PBXGroup;
			children = (
				D867AE5F1974539200A0A76C /* AppDelegate.h */,
				D867AE601974539200A0A76C /* AppDelegate.m */,
				D87AEDA119747705004E6987 /* Objects */,
				D867AE7E19745A3600A0A76C /* API Client */,
				D867AE621974539200A0A76C /* Images.xcassets */,
				D867AE5B1974539200A0A76C /* Supporting Files */,
				D867AE7A197456D800A0A76C /* ViewControllers */,
				D867AE78197455A200A0A76C /* Main.storyboard */,
			);
			path = MeteorChat;
			sourceTree = "<group>";
		};
		D867AE5B1974539200A0A76C /* Supporting Files */ = {
			isa = PBXGroup;
			children = (
				D867AE5C1974539200A0A76C /* Info.plist */,
				D867AE5D1974539200A0A76C /* main.m */,
			);
			name = "Supporting Files";
			sourceTree = "<group>";
		};
		D867AE6B1974539200A0A76C /* MeteorChatTests */ = {
			isa = PBXGroup;
			children = (
				D867AE6E1974539200A0A76C /* MeteorChatTests.m */,
				D867AE6C1974539200A0A76C /* Supporting Files */,
			);
			path = MeteorChatTests;
			sourceTree = "<group>";
		};
		D867AE6C1974539200A0A76C /* Supporting Files */ = {
			isa = PBXGroup;
			children = (
				D867AE6D1974539200A0A76C /* Info.plist */,
			);
			name = "Supporting Files";
			sourceTree = "<group>";
		};
		D867AE7A197456D800A0A76C /* ViewControllers */ = {
			isa = PBXGroup;
			children = (
				D867AE7B197456F400A0A76C /* LoginViewController.h */,
				D867AE7C197456F400A0A76C /* LoginViewController.m */,
				D87AED9B19746DD8004E6987 /* ChatListingTableViewController.h */,
				D87AED9C19746DD8004E6987 /* ChatListingTableViewController.m */,
				D87AED9E19747678004E6987 /* CometChatViewController.h */,
				D87AED9F19747678004E6987 /* CometChatViewController.m */,
			);
			name = ViewControllers;
			sourceTree = "<group>";
		};
		D867AE7E19745A3600A0A76C /* API Client */ = {
			isa = PBXGroup;
			children = (
				D867AE7F19745AFE00A0A76C /* CometChatSessionManager.h */,
				D867AE8019745AFE00A0A76C /* CometChatSessionManager.m */,
			);
			name = "API Client";
			sourceTree = "<group>";
		};
		D87AEDA119747705004E6987 /* Objects */ = {
			isa = PBXGroup;
			children = (
				D87AEDA21974772E004E6987 /* CometChatMessage.h */,
				D87AEDA31974772E004E6987 /* CometChatMessage.m */,
			);
			name = Objects;
			sourceTree = "<group>";
		};
/* End PBXGroup section */

/* Begin PBXNativeTarget section */
		D867AE571974539200A0A76C /* MeteorChat */ = {
			isa = PBXNativeTarget;
			buildConfigurationList = D867AE721974539200A0A76C /* Build configuration list for PBXNativeTarget "MeteorChat" */;
			buildPhases = (
				6809178A53D84D57ACC6308A /* Check Pods Manifest.lock */,
				D867AE541974539200A0A76C /* Sources */,
				D867AE551974539200A0A76C /* Frameworks */,
				D867AE561974539200A0A76C /* Resources */,
				F058BFA9D9C046A194E6606C /* Copy Pods Resources */,
			);
			buildRules = (
			);
			dependencies = (
			);
			name = MeteorChat;
			productName = MeteorChat;
			productReference = D867AE581974539200A0A76C /* MeteorChat.app */;
			productType = "com.apple.product-type.application";
		};
		D867AE671974539200A0A76C /* MeteorChatTests */ = {
			isa = PBXNativeTarget;
			buildConfigurationList = D867AE751974539200A0A76C /* Build configuration list for PBXNativeTarget "MeteorChatTests" */;
			buildPhases = (
				D867AE641974539200A0A76C /* Sources */,
				D867AE651974539200A0A76C /* Frameworks */,
				D867AE661974539200A0A76C /* Resources */,
			);
			buildRules = (
			);
			dependencies = (
				D867AE6A1974539200A0A76C /* PBXTargetDependency */,
			);
			name = MeteorChatTests;
			productName = MeteorChatTests;
			productReference = D867AE681974539200A0A76C /* MeteorChatTests.xctest */;
			productType = "com.apple.product-type.bundle.unit-test";
		};
/* End PBXNativeTarget section */

/* Begin PBXProject section */
		D867AE501974539200A0A76C /* Project object */ = {
			isa = PBXProject;
			attributes = {
				LastUpgradeCheck = 0600;
				ORGANIZATIONNAME = pyro2927;
				TargetAttributes = {
					D867AE571974539200A0A76C = {
						CreatedOnToolsVersion = 6.0;
					};
					D867AE671974539200A0A76C = {
						CreatedOnToolsVersion = 6.0;
						TestTargetID = D867AE571974539200A0A76C;
					};
				};
			};
			buildConfigurationList = D867AE531974539200A0A76C /* Build configuration list for PBXProject "MeteorChat" */;
			compatibilityVersion = "Xcode 3.2";
			developmentRegion = English;
			hasScannedForEncodings = 0;
			knownRegions = (
				en,
			);
			mainGroup = D867AE4F1974539200A0A76C;
			productRefGroup = D867AE591974539200A0A76C /* Products */;
			projectDirPath = "";
			projectRoot = "";
			targets = (
				D867AE571974539200A0A76C /* MeteorChat */,
				D867AE671974539200A0A76C /* MeteorChatTests */,
			);
		};
/* End PBXProject section */

/* Begin PBXResourcesBuildPhase section */
		D867AE561974539200A0A76C /* Resources */ = {
			isa = PBXResourcesBuildPhase;
			buildActionMask = 2147483647;
			files = (
				D867AE631974539200A0A76C /* Images.xcassets in Resources */,
				D867AE79197455A200A0A76C /* Main.storyboard in Resources */,
			);
			runOnlyForDeploymentPostprocessing = 0;
		};
		D867AE661974539200A0A76C /* Resources */ = {
			isa = PBXResourcesBuildPhase;
			buildActionMask = 2147483647;
			files = (
			);
			runOnlyForDeploymentPostprocessing = 0;
		};
/* End PBXResourcesBuildPhase section */

/* Begin PBXShellScriptBuildPhase section */
		6809178A53D84D57ACC6308A /* Check Pods Manifest.lock */ = {
			isa = PBXShellScriptBuildPhase;
			buildActionMask = 2147483647;
			files = (
			);
			inputPaths = (
			);
			name = "Check Pods Manifest.lock";
			outputPaths = (
			);
			runOnlyForDeploymentPostprocessing = 0;
			shellPath = /bin/sh;
			shellScript = "diff \"${PODS_ROOT}/../Podfile.lock\" \"${PODS_ROOT}/Manifest.lock\" > /dev/null\nif [[ $? != 0 ]] ; then\n    cat << EOM\nerror: The sandbox is not in sync with the Podfile.lock. Run 'pod install' or update your CocoaPods installation.\nEOM\n    exit 1\nfi\n";
			showEnvVarsInLog = 0;
		};
		F058BFA9D9C046A194E6606C /* Copy Pods Resources */ = {
			isa = PBXShellScriptBuildPhase;
			buildActionMask = 2147483647;
			files = (
			);
			inputPaths = (
			);
			name = "Copy Pods Resources";
			outputPaths = (
			);
			runOnlyForDeploymentPostprocessing = 0;
			shellPath = /bin/sh;
			shellScript = "\"${SRCROOT}/Pods/Pods-MeteorChat-resources.sh\"\n";
			showEnvVarsInLog = 0;
		};
/* End PBXShellScriptBuildPhase section */

/* Begin PBXSourcesBuildPhase section */
		D867AE541974539200A0A76C /* Sources */ = {
			isa = PBXSourcesBuildPhase;
			buildActionMask = 2147483647;
			files = (
				D867AE611974539200A0A76C /* AppDelegate.m in Sources */,
				D87AEDA019747678004E6987 /* CometChatViewController.m in Sources */,
				D867AE5E1974539200A0A76C /* main.m in Sources */,
				D867AE7D197456F400A0A76C /* LoginViewController.m in Sources */,
				D87AEDA41974772E004E6987 /* CometChatMessage.m in Sources */,
				D87AED9D19746DD8004E6987 /* ChatListingTableViewController.m in Sources */,
				D867AE8119745AFE00A0A76C /* CometChatSessionManager.m in Sources */,
			);
			runOnlyForDeploymentPostprocessing = 0;
		};
		D867AE641974539200A0A76C /* Sources */ = {
			isa = PBXSourcesBuildPhase;
			buildActionMask = 2147483647;
			files = (
				D867AE6F1974539200A0A76C /* MeteorChatTests.m in Sources */,
			);
			runOnlyForDeploymentPostprocessing = 0;
		};
/* End PBXSourcesBuildPhase section */

/* Begin PBXTargetDependency section */
		D867AE6A1974539200A0A76C /* PBXTargetDependency */ = {
			isa = PBXTargetDependency;
			target = D867AE571974539200A0A76C /* MeteorChat */;
			targetProxy = D867AE691974539200A0A76C /* PBXContainerItemProxy */;
		};
/* End PBXTargetDependency section */

/* Begin XCBuildConfiguration section */
		D867AE701974539200A0A76C /* Debug */ = {
			isa = XCBuildConfiguration;
			buildSettings = {
				ALWAYS_SEARCH_USER_PATHS = NO;
				CLANG_CXX_LANGUAGE_STANDARD = "gnu++0x";
				CLANG_CXX_LIBRARY = "libc++";
				CLANG_ENABLE_MODULES = YES;
				CLANG_ENABLE_OBJC_ARC = YES;
				CLANG_WARN_BOOL_CONVERSION = YES;
				CLANG_WARN_CONSTANT_CONVERSION = YES;
				CLANG_WARN_DIRECT_OBJC_ISA_USAGE = YES_ERROR;
				CLANG_WARN_EMPTY_BODY = YES;
				CLANG_WARN_ENUM_CONVERSION = YES;
				CLANG_WARN_INT_CONVERSION = YES;
				CLANG_WARN_OBJC_ROOT_CLASS = YES_ERROR;
				CLANG_WARN_UNREACHABLE_CODE = YES;
				CLANG_WARN__DUPLICATE_METHOD_MATCH = YES;
				"CODE_SIGN_IDENTITY[sdk=iphoneos*]" = "iPhone Developer";
				COPY_PHASE_STRIP = NO;
				ENABLE_STRICT_OBJC_MSGSEND = YES;
				GCC_C_LANGUAGE_STANDARD = gnu99;
				GCC_DYNAMIC_NO_PIC = NO;
				GCC_OPTIMIZATION_LEVEL = 0;
				GCC_PREPROCESSOR_DEFINITIONS = (
					"DEBUG=1",
					"$(inherited)",
				);
				GCC_SYMBOLS_PRIVATE_EXTERN = NO;
				GCC_WARN_64_TO_32_BIT_CONVERSION = YES;
				GCC_WARN_ABOUT_RETURN_TYPE = YES_ERROR;
				GCC_WARN_UNDECLARED_SELECTOR = YES;
				GCC_WARN_UNINITIALIZED_AUTOS = YES_AGGRESSIVE;
				GCC_WARN_UNUSED_FUNCTION = YES;
				GCC_WARN_UNUSED_VARIABLE = YES;
				IPHONEOS_DEPLOYMENT_TARGET = 8.0;
				METAL_ENABLE_DEBUG_INFO = YES;
				ONLY_ACTIVE_ARCH = YES;
				SDKROOT = iphoneos;
				TARGETED_DEVICE_FAMILY = "1,2";
			};
			name = Debug;
		};
		D867AE711974539200A0A76C /* Release */ = {
			isa = XCBuildConfiguration;
			buildSettings = {
				ALWAYS_SEARCH_USER_PATHS = NO;
				CLANG_CXX_LANGUAGE_STANDARD = "gnu++0x";
				CLANG_CXX_LIBRARY = "libc++";
				CLANG_ENABLE_MODULES = YES;
				CLANG_ENABLE_OBJC_ARC = YES;
				CLANG_WARN_BOOL_CONVERSION = YES;
				CLANG_WARN_CONSTANT_CONVERSION = YES;
				CLANG_WARN_DIRECT_OBJC_ISA_USAGE = YES_ERROR;
				CLANG_WARN_EMPTY_BODY = YES;
				CLANG_WARN_ENUM_CONVERSION = YES;
				CLANG_WARN_INT_CONVERSION = YES;
				CLANG_WARN_OBJC_ROOT_CLASS = YES_ERROR;
				CLANG_WARN_UNREACHABLE_CODE = YES;
				CLANG_WARN__DUPLICATE_METHOD_MATCH = YES;
				"CODE_SIGN_IDENTITY[sdk=iphoneos*]" = "iPhone Developer";
				COPY_PHASE_STRIP = YES;
				ENABLE_NS_ASSERTIONS = NO;
				ENABLE_STRICT_OBJC_MSGSEND = YES;
				GCC_C_LANGUAGE_STANDARD = gnu99;
				GCC_WARN_64_TO_32_BIT_CONVERSION = YES;
				GCC_WARN_ABOUT_RETURN_TYPE = YES_ERROR;
				GCC_WARN_UNDECLARED_SELECTOR = YES;
				GCC_WARN_UNINITIALIZED_AUTOS = YES_AGGRESSIVE;
				GCC_WARN_UNUSED_FUNCTION = YES;
				GCC_WARN_UNUSED_VARIABLE = YES;
				IPHONEOS_DEPLOYMENT_TARGET = 8.0;
				METAL_ENABLE_DEBUG_INFO = NO;
				SDKROOT = iphoneos;
				TARGETED_DEVICE_FAMILY = "1,2";
				VALIDATE_PRODUCT = YES;
			};
			name = Release;
		};
		D867AE731974539200A0A76C /* Debug */ = {
			isa = XCBuildConfiguration;
			baseConfigurationReference = 3AF80753934C40338B463E9D /* Pods-MeteorChat.xcconfig */;
			buildSettings = {
				ASSETCATALOG_COMPILER_APPICON_NAME = AppIcon;
				ASSETCATALOG_COMPILER_LAUNCHIMAGE_NAME = LaunchImage;
				INFOPLIST_FILE = MeteorChat/Info.plist;
				LD_RUNPATH_SEARCH_PATHS = "$(inherited) @executable_path/Frameworks";
				PRODUCT_NAME = "$(TARGET_NAME)";
			};
			name = Debug;
		};
		D867AE741974539200A0A76C /* Release */ = {
			isa = XCBuildConfiguration;
			baseConfigurationReference = 3AF80753934C40338B463E9D /* Pods-MeteorChat.xcconfig */;
			buildSettings = {
				ASSETCATALOG_COMPILER_APPICON_NAME = AppIcon;
				ASSETCATALOG_COMPILER_LAUNCHIMAGE_NAME = LaunchImage;
				INFOPLIST_FILE = MeteorChat/Info.plist;
				LD_RUNPATH_SEARCH_PATHS = "$(inherited) @executable_path/Frameworks";
				PRODUCT_NAME = "$(TARGET_NAME)";
			};
			name = Release;
		};
		D867AE761974539200A0A76C /* Debug */ = {
			isa = XCBuildConfiguration;
			buildSettings = {
				BUNDLE_LOADER = "$(BUILT_PRODUCTS_DIR)/MeteorChat.app/MeteorChat";
				FRAMEWORK_SEARCH_PATHS = (
					"$(SDKROOT)/Developer/Library/Frameworks",
					"$(inherited)",
				);
				GCC_PREPROCESSOR_DEFINITIONS = (
					"DEBUG=1",
					"$(inherited)",
				);
				INFOPLIST_FILE = MeteorChatTests/Info.plist;
				LD_RUNPATH_SEARCH_PATHS = "$(inherited) @executable_path/Frameworks @loader_path/Frameworks";
				METAL_ENABLE_DEBUG_INFO = YES;
				PRODUCT_NAME = "$(TARGET_NAME)";
				TEST_HOST = "$(BUNDLE_LOADER)";
			};
			name = Debug;
		};
		D867AE771974539200A0A76C /* Release */ = {
			isa = XCBuildConfiguration;
			buildSettings = {
				BUNDLE_LOADER = "$(BUILT_PRODUCTS_DIR)/MeteorChat.app/MeteorChat";
				FRAMEWORK_SEARCH_PATHS = (
					"$(SDKROOT)/Developer/Library/Frameworks",
					"$(inherited)",
				);
				INFOPLIST_FILE = MeteorChatTests/Info.plist;
				LD_RUNPATH_SEARCH_PATHS = "$(inherited) @executable_path/Frameworks @loader_path/Frameworks";
				METAL_ENABLE_DEBUG_INFO = NO;
				PRODUCT_NAME = "$(TARGET_NAME)";
				TEST_HOST = "$(BUNDLE_LOADER)";
			};
			name = Release;
		};
/* End XCBuildConfiguration section */

/* Begin XCConfigurationList section */
		D867AE531974539200A0A76C /* Build configuration list for PBXProject "MeteorChat" */ = {
			isa = XCConfigurationList;
			buildConfigurations = (
				D867AE701974539200A0A76C /* Debug */,
				D867AE711974539200A0A76C /* Release */,
			);
			defaultConfigurationIsVisible = 0;
			defaultConfigurationName = Release;
		};
		D867AE721974539200A0A76C /* Build configuration list for PBXNativeTarget "MeteorChat" */ = {
			isa = XCConfigurationList;
			buildConfigurations = (
				D867AE731974539200A0A76C /* Debug */,
				D867AE741974539200A0A76C /* Release */,
			);
			defaultConfigurationIsVisible = 0;
			defaultConfigurationName = Release;
		};
		D867AE751974539200A0A76C /* Build configuration list for PBXNativeTarget "MeteorChatTests" */ = {
			isa = XCConfigurationList;
			buildConfigurations = (
				D867AE761974539200A0A76C /* Debug */,
				D867AE771974539200A0A76C /* Release */,
			);
			defaultConfigurationIsVisible = 0;
			defaultConfigurationName = Release;
		};
/* End XCConfigurationList section */
	};
	rootObject = D867AE501974539200A0A76C /* Project object */;
}
